
Microsoft Visual Studio Solution File, Format Version 12.00
# Visual Studio Version 16
VisualStudioVersion = 16.0.29709.97
MinimumVisualStudioVersion = 10.0.40219.1
Project("{FAE04EC0-301F-11D3-BF4B-00C04F79EFBC}") = "CardGames", "CardGames.csproj", "{1C3A72FC-19F9-4D25-8565-A73A2A4D6264}"
EndProject
Global
	GlobalSection(SolutionConfigurationPlatforms) = preSolution
		Debug|Any CPU = Debug|Any CPU
		Release|Any CPU = Release|Any CPU
	EndGlobalSection
	GlobalSection(ProjectConfigurationPlatforms) = postSolution
		{1C3A72FC-19F9-4D25-8565-A73A2A4D6264}.Debug|Any CPU.ActiveCfg = Debug|Any CPU
		{1C3A72FC-19F9-4D25-8565-A73A2A4D6264}.Debug|Any CPU.Build.0 = Debug|Any CPU
		{1C3A72FC-19F9-4D25-8565-A73A2A4D6264}.Release|Any CPU.ActiveCfg = Release|Any CPU
		{1C3A72FC-19F9-4D25-8565-A73A2A4D6264}.Release|Any CPU.Build.0 = Release|Any CPU
	EndGlobalSection
	GlobalSection(SolutionProperties) = preSolution
		HideSolutionNode = FALSE
	EndGlobalSection
	GlobalSection(ExtensibilityGlobals) = postSolution
		SolutionGuid = {4E11C550-056A-4FAB-9249-62F00EB4FE42}
	EndGlobalSection
EndGlobal
